
Microsoft Visual Studio Solution File, Format Version 12.00
# Visual Studio Version 17
VisualStudioVersion = 17.0.31903.59
MinimumVisualStudioVersion = 10.0.40219.1
Project("{FAE04EC0-301F-11D3-BF4B-00C04F79EFBC}") = "Unlose.Core", "Unlose.Core\Unlose.Core.csproj", "{D9AFEB43-E390-4632-A5F9-E75FCE519F2D}"
EndProject
Project("{FAE04EC0-301F-11D3-BF4B-00C04F79EFBC}") = "Unlose.Service", "Unlose.Service\Unlose.Service.csproj", "{BAF6A274-012F-463E-9F7F-D9D64E138A07}"
EndProject
Project("{FAE04EC0-301F-11D3-BF4B-00C04F79EFBC}") = "Unlose.UI", "Unlose.UI\Unlose.UI.csproj", "{708BF2F2-081B-4C78-81C3-927AAD2D8B5B}"
EndProject
Project("{FAE04EC0-301F-11D3-BF4B-00C04F79EFBC}") = "Unlose.Cli", "Unlose.Cli\Unlose.Cli.csproj", "{781DC671-F1F9-4B62-A5FF-9DA05742676F}"
EndProject
Project("{FAE04EC0-301F-11D3-BF4B-00C04F79EFBC}") = "Unlose.Tests", "Unlose.Tests\Unlose.Tests.csproj", "{E4F39447-5277-4462-AC9C-0660633CAC79}"
EndProject
Project("{FAE04EC0-301F-11D3-BF4B-00C04F79EFBC}") = "Unlose.UITests", "Unlose.UITests\Unlose.UITests.csproj", "{9D74A342-F34C-4AEB-A4D7-A4DD54AD3575}"
EndProject
Project("{FAE04EC0-301F-11D3-BF4B-00C04F79EFBC}") = "Unlose.McpServer", "Unlose.McpServer\Unlose.McpServer.csproj", "{8F51521C-D8AB-4C94-8D0A-ECCD2C9F0573}"
EndProject
Project("{B7DD6F7E-DEF8-4E67-B5B7-07EF123DB6F0}") = "Unlose.Setup", "Installer\Unlose.Setup.wixproj", "{9C4AE34E-0E75-45E7-8572-C007BB4A7944}"
EndProject
Project("{FAE04EC0-301F-11D3-BF4B-00C04F79EFBC}") = "Unlose.SetupActions", "Unlose.SetupActions\Unlose.SetupActions.csproj", "{A873EB42-2059-4BD1-A416-D9CDA9CBF470}"
EndProject
Global
	GlobalSection(SolutionConfigurationPlatforms) = preSolution
		Debug|Any CPU = Debug|Any CPU
		Debug|x64 = Debug|x64
		Debug|x86 = Debug|x86
		Release|Any CPU = Release|Any CPU
		Release|x64 = Release|x64
		Release|x86 = Release|x86
	EndGlobalSection
	GlobalSection(ProjectConfigurationPlatforms) = postSolution
		{D9AFEB43-E390-4632-A5F9-E75FCE519F2D}.Debug|Any CPU.ActiveCfg = Debug|Any CPU
		{D9AFEB43-E390-4632-A5F9-E75FCE519F2D}.Debug|Any CPU.Build.0 = Debug|Any CPU
		{D9AFEB43-E390-4632-A5F9-E75FCE519F2D}.Debug|x64.ActiveCfg = Debug|Any CPU
		{D9AFEB43-E390-4632-A5F9-E75FCE519F2D}.Debug|x64.Build.0 = Debug|Any CPU
		{D9AFEB43-E390-4632-A5F9-E75FCE519F2D}.Debug|x86.ActiveCfg = Debug|Any CPU
		{D9AFEB43-E390-4632-A5F9-E75FCE519F2D}.Debug|x86.Build.0 = Debug|Any CPU
		{D9AFEB43-E390-4632-A5F9-E75FCE519F2D}.Release|Any CPU.ActiveCfg = Release|Any CPU
		{D9AFEB43-E390-4632-A5F9-E75FCE519F2D}.Release|Any CPU.Build.0 = Release|Any CPU
		{D9AFEB43-E390-4632-A5F9-E75FCE519F2D}.Release|x64.ActiveCfg = Release|Any CPU
		{D9AFEB43-E390-4632-A5F9-E75FCE519F2D}.Release|x64.Build.0 = Release|Any CPU
		{D9AFEB43-E390-4632-A5F9-E75FCE519F2D}.Release|x86.ActiveCfg = Release|Any CPU
		{D9AFEB43-E390-4632-A5F9-E75FCE519F2D}.Release|x86.Build.0 = Release|Any CPU
		{BAF6A274-012F-463E-9F7F-D9D64E138A07}.Debug|Any CPU.ActiveCfg = Debug|Any CPU
		{BAF6A274-012F-463E-9F7F-D9D64E138A07}.Debug|Any CPU.Build.0 = Debug|Any CPU
		{BAF6A274-012F-463E-9F7F-D9D64E138A07}.Debug|x64.ActiveCfg = Debug|Any CPU
		{BAF6A274-012F-463E-9F7F-D9D64E138A07}.Debug|x64.Build.0 = Debug|Any CPU
		{BAF6A274-012F-463E-9F7F-D9D64E138A07}.Debug|x86.ActiveCfg = Debug|Any CPU
		{BAF6A274-012F-463E-9F7F-D9D64E138A07}.Debug|x86.Build.0 = Debug|Any CPU
		{BAF6A274-012F-463E-9F7F-D9D64E138A07}.Release|Any CPU.ActiveCfg = Release|Any CPU
		{BAF6A274-012F-463E-9F7F-D9D64E138A07}.Release|Any CPU.Build.0 = Release|Any CPU
		{BAF6A274-012F-463E-9F7F-D9D64E138A07}.Release|x64.ActiveCfg = Release|Any CPU
		{BAF6A274-012F-463E-9F7F-D9D64E138A07}.Release|x64.Build.0 = Release|Any CPU
		{BAF6A274-012F-463E-9F7F-D9D64E138A07}.Release|x86.ActiveCfg = Release|Any CPU
		{BAF6A274-012F-463E-9F7F-D9D64E138A07}.Release|x86.Build.0 = Release|Any CPU
		{708BF2F2-081B-4C78-81C3-927AAD2D8B5B}.Debug|Any CPU.ActiveCfg = Debug|Any CPU
		{708BF2F2-081B-4C78-81C3-927AAD2D8B5B}.Debug|Any CPU.Build.0 = Debug|Any CPU
		{708BF2F2-081B-4C78-81C3-927AAD2D8B5B}.Debug|x64.ActiveCfg = Debug|Any CPU
		{708BF2F2-081B-4C78-81C3-927AAD2D8B5B}.Debug|x64.Build.0 = Debug|Any CPU
		{708BF2F2-081B-4C78-81C3-927AAD2D8B5B}.Debug|x86.ActiveCfg = Debug|Any CPU
		{708BF2F2-081B-4C78-81C3-927AAD2D8B5B}.Debug|x86.Build.0 = Debug|Any CPU
		{708BF2F2-081B-4C78-81C3-927AAD2D8B5B}.Release|Any CPU.ActiveCfg = Release|Any CPU
		{708BF2F2-081B-4C78-81C3-927AAD2D8B5B}.Release|Any CPU.Build.0 = Release|Any CPU
		{708BF2F2-081B-4C78-81C3-927AAD2D8B5B}.Release|x64.ActiveCfg = Release|Any CPU
		{708BF2F2-081B-4C78-81C3-927AAD2D8B5B}.Release|x64.Build.0 = Release|Any CPU
		{708BF2F2-081B-4C78-81C3-927AAD2D8B5B}.Release|x86.ActiveCfg = Release|Any CPU
		{708BF2F2-081B-4C78-81C3-927AAD2D8B5B}.Release|x86.Build.0 = Release|Any CPU
		{781DC671-F1F9-4B62-A5FF-9DA05742676F}.Debug|Any CPU.ActiveCfg = Debug|Any CPU
		{781DC671-F1F9-4B62-A5FF-9DA05742676F}.Debug|Any CPU.Build.0 = Debug|Any CPU
		{781DC671-F1F9-4B62-A5FF-9DA05742676F}.Debug|x64.ActiveCfg = Debug|Any CPU
		{781DC671-F1F9-4B62-A5FF-9DA05742676F}.Debug|x64.Build.0 = Debug|Any CPU
		{781DC671-F1F9-4B62-A5FF-9DA05742676F}.Debug|x86.ActiveCfg = Debug|Any CPU
		{781DC671-F1F9-4B62-A5FF-9DA05742676F}.Debug|x86.Build.0 = Debug|Any CPU
		{781DC671-F1F9-4B62-A5FF-9DA05742676F}.Release|Any CPU.ActiveCfg = Release|Any CPU
		{781DC671-F1F9-4B62-A5FF-9DA05742676F}.Release|Any CPU.Build.0 = Release|Any CPU
		{781DC671-F1F9-4B62-A5FF-9DA05742676F}.Release|x64.ActiveCfg = Release|Any CPU
		{781DC671-F1F9-4B62-A5FF-9DA05742676F}.Release|x64.Build.0 = Release|Any CPU
		{781DC671-F1F9-4B62-A5FF-9DA05742676F}.Release|x86.ActiveCfg = Release|Any CPU
		{781DC671-F1F9-4B62-A5FF-9DA05742676F}.Release|x86.Build.0 = Release|Any CPU
		{E4F39447-5277-4462-AC9C-0660633CAC79}.Debug|Any CPU.ActiveCfg = Debug|Any CPU
		{E4F39447-5277-4462-AC9C-0660633CAC79}.Debug|Any CPU.Build.0 = Debug|Any CPU
		{E4F39447-5277-4462-AC9C-0660633CAC79}.Debug|x64.ActiveCfg = Debug|Any CPU
		{E4F39447-5277-4462-AC9C-0660633CAC79}.Debug|x64.Build.0 = Debug|Any CPU
		{E4F39447-5277-4462-AC9C-0660633CAC79}.Debug|x86.ActiveCfg = Debug|Any CPU
		{E4F39447-5277-4462-AC9C-0660633CAC79}.Debug|x86.Build.0 = Debug|Any CPU
		{E4F39447-5277-4462-AC9C-0660633CAC79}.Release|Any CPU.ActiveCfg = Release|Any CPU
		{E4F39447-5277-4462-AC9C-0660633CAC79}.Release|Any CPU.Build.0 = Release|Any CPU
		{E4F39447-5277-4462-AC9C-0660633CAC79}.Release|x64.ActiveCfg = Release|Any CPU
		{E4F39447-5277-4462-AC9C-0660633CAC79}.Release|x64.Build.0 = Release|Any CPU
		{E4F39447-5277-4462-AC9C-0660633CAC79}.Release|x86.ActiveCfg = Release|Any CPU
		{E4F39447-5277-4462-AC9C-0660633CAC79}.Release|x86.Build.0 = Release|Any CPU
		{9D74A342-F34C-4AEB-A4D7-A4DD54AD3575}.Debug|Any CPU.ActiveCfg = Debug|Any CPU
		{9D74A342-F34C-4AEB-A4D7-A4DD54AD3575}.Debug|Any CPU.Build.0 = Debug|Any CPU
		{9D74A342-F34C-4AEB-A4D7-A4DD54AD3575}.Debug|x64.ActiveCfg = Debug|Any CPU
		{9D74A342-F34C-4AEB-A4D7-A4DD54AD3575}.Debug|x64.Build.0 = Debug|Any CPU
		{9D74A342-F34C-4AEB-A4D7-A4DD54AD3575}.Debug|x86.ActiveCfg = Debug|Any CPU
		{9D74A342-F34C-4AEB-A4D7-A4DD54AD3575}.Debug|x86.Build.0 = Debug|Any CPU
		{9D74A342-F34C-4AEB-A4D7-A4DD54AD3575}.Release|Any CPU.ActiveCfg = Release|Any CPU
		{9D74A342-F34C-4AEB-A4D7-A4DD54AD3575}.Release|Any CPU.Build.0 = Release|Any CPU
		{9D74A342-F34C-4AEB-A4D7-A4DD54AD3575}.Release|x64.ActiveCfg = Release|Any CPU
		{9D74A342-F34C-4AEB-A4D7-A4DD54AD3575}.Release|x64.Build.0 = Release|Any CPU
		{9D74A342-F34C-4AEB-A4D7-A4DD54AD3575}.Release|x86.ActiveCfg = Release|Any CPU
		{9D74A342-F34C-4AEB-A4D7-A4DD54AD3575}.Release|x86.Build.0 = Release|Any CPU
		{8F51521C-D8AB-4C94-8D0A-ECCD2C9F0573}.Debug|Any CPU.ActiveCfg = Debug|Any CPU
		{8F51521C-D8AB-4C94-8D0A-ECCD2C9F0573}.Debug|Any CPU.Build.0 = Debug|Any CPU
		{8F51521C-D8AB-4C94-8D0A-ECCD2C9F0573}.Debug|x64.ActiveCfg = Debug|Any CPU
		{8F51521C-D8AB-4C94-8D0A-ECCD2C9F0573}.Debug|x64.Build.0 = Debug|Any CPU
		{8F51521C-D8AB-4C94-8D0A-ECCD2C9F0573}.Debug|x86.ActiveCfg = Debug|Any CPU
		{8F51521C-D8AB-4C94-8D0A-ECCD2C9F0573}.Debug|x86.Build.0 = Debug|Any CPU
		{8F51521C-D8AB-4C94-8D0A-ECCD2C9F0573}.Release|Any CPU.ActiveCfg = Release|Any CPU
		{8F51521C-D8AB-4C94-8D0A-ECCD2C9F0573}.Release|Any CPU.Build.0 = Release|Any CPU
		{8F51521C-D8AB-4C94-8D0A-ECCD2C9F0573}.Release|x64.ActiveCfg = Release|Any CPU
		{8F51521C-D8AB-4C94-8D0A-ECCD2C9F0573}.Release|x64.Build.0 = Release|Any CPU
		{8F51521C-D8AB-4C94-8D0A-ECCD2C9F0573}.Release|x86.ActiveCfg = Release|Any CPU
		{8F51521C-D8AB-4C94-8D0A-ECCD2C9F0573}.Release|x86.Build.0 = Release|Any CPU
		{9C4AE34E-0E75-45E7-8572-C007BB4A7944}.Debug|Any CPU.ActiveCfg = Debug|Any CPU
		{9C4AE34E-0E75-45E7-8572-C007BB4A7944}.Debug|x64.ActiveCfg = Debug|x64
		{9C4AE34E-0E75-45E7-8572-C007BB4A7944}.Debug|x64.Build.0 = Debug|x64
		{9C4AE34E-0E75-45E7-8572-C007BB4A7944}.Debug|x86.ActiveCfg = Debug|x86
		{9C4AE34E-0E75-45E7-8572-C007BB4A7944}.Debug|x86.Build.0 = Debug|x86
		{9C4AE34E-0E75-45E7-8572-C007BB4A7944}.Release|Any CPU.ActiveCfg = Release|Any CPU
		{9C4AE34E-0E75-45E7-8572-C007BB4A7944}.Release|x64.ActiveCfg = Release|x64
		{9C4AE34E-0E75-45E7-8572-C007BB4A7944}.Release|x64.Build.0 = Release|x64
		{9C4AE34E-0E75-45E7-8572-C007BB4A7944}.Release|x86.ActiveCfg = Release|x86
		{9C4AE34E-0E75-45E7-8572-C007BB4A7944}.Release|x86.Build.0 = Release|x86
		{A873EB42-2059-4BD1-A416-D9CDA9CBF470}.Debug|Any CPU.ActiveCfg = Debug|Any CPU
		{A873EB42-2059-4BD1-A416-D9CDA9CBF470}.Debug|Any CPU.Build.0 = Debug|Any CPU
		{A873EB42-2059-4BD1-A416-D9CDA9CBF470}.Debug|x64.ActiveCfg = Debug|Any CPU
		{A873EB42-2059-4BD1-A416-D9CDA9CBF470}.Debug|x64.Build.0 = Debug|Any CPU
		{A873EB42-2059-4BD1-A416-D9CDA9CBF470}.Debug|x86.ActiveCfg = Debug|Any CPU
		{A873EB42-2059-4BD1-A416-D9CDA9CBF470}.Debug|x86.Build.0 = Debug|Any CPU
		{A873EB42-2059-4BD1-A416-D9CDA9CBF470}.Release|Any CPU.ActiveCfg = Release|Any CPU
		{A873EB42-2059-4BD1-A416-D9CDA9CBF470}.Release|Any CPU.Build.0 = Release|Any CPU
		{A873EB42-2059-4BD1-A416-D9CDA9CBF470}.Release|x64.ActiveCfg = Release|Any CPU
		{A873EB42-2059-4BD1-A416-D9CDA9CBF470}.Release|x64.Build.0 = Release|Any CPU
		{A873EB42-2059-4BD1-A416-D9CDA9CBF470}.Release|x86.ActiveCfg = Release|Any CPU
		{A873EB42-2059-4BD1-A416-D9CDA9CBF470}.Release|x86.Build.0 = Release|Any CPU
	EndGlobalSection
	GlobalSection(SolutionProperties) = preSolution
		HideSolutionNode = FALSE
	EndGlobalSection
EndGlobal
